
Microsoft Visual Studio Solution File, Format Version 12.00
# Visual Studio Version 17
VisualStudioVersion = 17.4.33213.308
MinimumVisualStudioVersion = 10.0.40219.1
Project("{FAE04EC0-301F-11D3-BF4B-00C04F79EFBC}") = "RetailShop.API", "RetailShop.API\RetailShop.API.csproj", "{35B6AEAC-03B2-4F8F-BA80-9BCA816ACED7}"
EndProject
Global
	GlobalSection(SolutionConfigurationPlatforms) = preSolution
		Debug|Any CPU = Debug|Any CPU
		Release|Any CPU = Release|Any CPU
	EndGlobalSection
	GlobalSection(ProjectConfigurationPlatforms) = postSolution
		{35B6AEAC-03B2-4F8F-BA80-9BCA816ACED7}.Debug|Any CPU.ActiveCfg = Debug|Any CPU
		{35B6AEAC-03B2-4F8F-BA80-9BCA816ACED7}.Debug|Any CPU.Build.0 = Debug|Any CPU
		{35B6AEAC-03B2-4F8F-BA80-9BCA816ACED7}.Release|Any CPU.ActiveCfg = Release|Any CPU
		{35B6AEAC-03B2-4F8F-BA80-9BCA816ACED7}.Release|Any CPU.Build.0 = Release|Any CPU
	EndGlobalSection
	GlobalSection(SolutionProperties) = preSolution
		HideSolutionNode = FALSE
	EndGlobalSection
	GlobalSection(ExtensibilityGlobals) = postSolution
		SolutionGuid = {907CED3F-98D1-48A3-8684-AB6E1FD7313F}
	EndGlobalSection
EndGlobal
